// !$*UTF8*$!
{
	archiveVersion = 1;
	classes = {
	};
	objectVersion = 56;
	objects = {

/* Begin PBXBuildFile section */
		15F60DC1817ED4B211D0B575 /* Pods_SwiftUI_Realm_Demo.framework in Frameworks */ = {isa = PBXBuildFile; fileRef = 31D40CBF2BDBB7382B25A860 /* Pods_SwiftUI_Realm_Demo.framework */; };
		928FFF552B04928A003E4A5C /* SwiftUI_Realm_DemoApp.swift in Sources */ = {isa = PBXBuildFile; fileRef = 928FFF542B04928A003E4A5C /* SwiftUI_Realm_DemoApp.swift */; };
		928FFF572B04928A003E4A5C /* ContentView.swift in Sources */ = {isa = PBXBuildFile; fileRef = 928FFF562B04928A003E4A5C /* ContentView.swift */; };
		928FFF592B04928D003E4A5C /* Assets.xcassets in Resources */ = {isa = PBXBuildFile; fileRef = 928FFF582B04928D003E4A5C /* Assets.xcassets */; };
		928FFF5C2B04928D003E4A5C /* Preview Assets.xcassets in Resources */ = {isa = PBXBuildFile; fileRef = 928FFF5B2B04928D003E4A5C /* Preview Assets.xcassets */; };
		928FFF632B04995D003E4A5C /* Developers.swift in Sources */ = {isa = PBXBuildFile; fileRef = 928FFF622B04995D003E4A5C /* Developers.swift */; };
		928FFF652B049DB0003E4A5C /* DBManager.swift in Sources */ = {isa = PBXBuildFile; fileRef = 928FFF642B049DB0003E4A5C /* DBManager.swift */; };
		928FFF672B04A188003E4A5C /* DeveloperCell.swift in Sources */ = {isa = PBXBuildFile; fileRef = 928FFF662B04A188003E4A5C /* DeveloperCell.swift */; };
		928FFF692B04A241003E4A5C /* DeveloperViewModel.swift in Sources */ = {isa = PBXBuildFile; fileRef = 928FFF682B04A241003E4A5C /* DeveloperViewModel.swift */; };
		928FFF6B2B04C3EE003E4A5C /* AddDeveloperView.swift in Sources */ = {isa = PBXBuildFile; fileRef = 928FFF6A2B04C3EE003E4A5C /* AddDeveloperView.swift */; };
/* End PBXBuildFile section */

/* Begin PBXFileReference section */
		04DECFAD4A22817B3D504A3F /* Pods-SwiftUI Realm Demo.release.xcconfig */ = {isa = PBXFileReference; includeInIndex = 1; lastKnownFileType = text.xcconfig; name = "Pods-SwiftUI Realm Demo.release.xcconfig"; path = "Target Support Files/Pods-SwiftUI Realm Demo/Pods-SwiftUI Realm Demo.release.xcconfig"; sourceTree = "<group>"; };
		31D40CBF2BDBB7382B25A860 /* Pods_SwiftUI_Realm_Demo.framework */ = {isa = PBXFileReference; explicitFileType = wrapper.framework; includeInIndex = 0; path = Pods_SwiftUI_Realm_Demo.framework; sourceTree = BUILT_PRODUCTS_DIR; };
		8F37400577666000CA1F1778 /* Pods-SwiftUI Realm Demo.debug.xcconfig */ = {isa = PBXFileReference; includeInIndex = 1; lastKnownFileType = text.xcconfig; name = "Pods-SwiftUI Realm Demo.debug.xcconfig"; path = "Target Support Files/Pods-SwiftUI Realm Demo/Pods-SwiftUI Realm Demo.debug.xcconfig"; sourceTree = "<group>"; };
		928FFF512B04928A003E4A5C /* SwiftUI Realm Demo.app */ = {isa = PBXFileReference; explicitFileType = wrapper.application; includeInIndex = 0; path = "SwiftUI Realm Demo.app"; sourceTree = BUILT_PRODUCTS_DIR; };
		928FFF542B04928A003E4A5C /* SwiftUI_Realm_DemoApp.swift */ = {isa = PBXFileReference; lastKnownFileType = sourcecode.swift; path = SwiftUI_Realm_DemoApp.swift; sourceTree = "<group>"; };
		928FFF562B04928A003E4A5C /* ContentView.swift */ = {isa = PBXFileReference; lastKnownFileType = sourcecode.swift; path = ContentView.swift; sourceTree = "<group>"; };
		928FFF582B04928D003E4A5C /* Assets.xcassets */ = {isa = PBXFileReference; lastKnownFileType = folder.assetcatalog; path = Assets.xcassets; sourceTree = "<group>"; };
		928FFF5B2B04928D003E4A5C /* Preview Assets.xcassets */ = {isa = PBXFileReference; lastKnownFileType = folder.assetcatalog; path = "Preview Assets.xcassets"; sourceTree = "<group>"; };
		928FFF622B04995D003E4A5C /* Developers.swift */ = {isa = PBXFileReference; lastKnownFileType = sourcecode.swift; path = Developers.swift; sourceTree = "<group>"; };
		928FFF642B049DB0003E4A5C /* DBManager.swift */ = {isa = PBXFileReference; lastKnownFileType = sourcecode.swift; path = DBManager.swift; sourceTree = "<group>"; };
		928FFF662B04A188003E4A5C /* DeveloperCell.swift */ = {isa = PBXFileReference; lastKnownFileType = sourcecode.swift; path = DeveloperCell.swift; sourceTree = "<group>"; };
		928FFF682B04A241003E4A5C /* DeveloperViewModel.swift */ = {isa = PBXFileReference; lastKnownFileType = sourcecode.swift; path = DeveloperViewModel.swift; sourceTree = "<group>"; };
		928FFF6A2B04C3EE003E4A5C /* AddDeveloperView.swift */ = {isa = PBXFileReference; lastKnownFileType = sourcecode.swift; path = AddDeveloperView.swift; sourceTree = "<group>"; };
/* End PBXFileReference section */

/* Begin PBXFrameworksBuildPhase section */
		928FFF4E2B049289003E4A5C /* Frameworks */ = {
			isa = PBXFrameworksBuildPhase;
			buildActionMask = 2147483647;
			files = (
				15F60DC1817ED4B211D0B575 /* Pods_SwiftUI_Realm_Demo.framework in Frameworks */,
			);
			runOnlyForDeploymentPostprocessing = 0;
		};
/* End PBXFrameworksBuildPhase section */

/* Begin PBXGroup section */
		13A7914C7BBF1293F2D3B311 /* Frameworks */ = {
			isa = PBXGroup;
			children = (
				31D40CBF2BDBB7382B25A860 /* Pods_SwiftUI_Realm_Demo.framework */,
			);
			name = Frameworks;
			sourceTree = "<group>";
		};
		928FFF482B049289003E4A5C = {
			isa = PBXGroup;
			children = (
				928FFF532B04928A003E4A5C /* SwiftUI Realm Demo */,
				928FFF522B04928A003E4A5C /* Products */,
				EBF7B2E202F0BB60AC6E725D /* Pods */,
				13A7914C7BBF1293F2D3B311 /* Frameworks */,
			);
			sourceTree = "<group>";
		};
		928FFF522B04928A003E4A5C /* Products */ = {
			isa = PBXGroup;
			children = (
				928FFF512B04928A003E4A5C /* SwiftUI Realm Demo.app */,
			);
			name = Products;
			sourceTree = "<group>";
		};
		928FFF532B04928A003E4A5C /* SwiftUI Realm Demo */ = {
			isa = PBXGroup;
			children = (
				928FFF542B04928A003E4A5C /* SwiftUI_Realm_DemoApp.swift */,
				928FFF562B04928A003E4A5C /* ContentView.swift */,
				928FFF6A2B04C3EE003E4A5C /* AddDeveloperView.swift */,
				928FFF682B04A241003E4A5C /* DeveloperViewModel.swift */,
				928FFF662B04A188003E4A5C /* DeveloperCell.swift */,
				928FFF642B049DB0003E4A5C /* DBManager.swift */,
				928FFF622B04995D003E4A5C /* Developers.swift */,
				928FFF582B04928D003E4A5C /* Assets.xcassets */,
				928FFF5A2B04928D003E4A5C /* Preview Content */,
			);
			path = "SwiftUI Realm Demo";
			sourceTree = "<group>";
		};
		928FFF5A2B04928D003E4A5C /* Preview Content */ = {
			isa = PBXGroup;
			children = (
				928FFF5B2B04928D003E4A5C /* Preview Assets.xcassets */,
			);
			path = "Preview Content";
			sourceTree = "<group>";
		};
		EBF7B2E202F0BB60AC6E725D /* Pods */ = {
			isa = PBXGroup;
			children = (
				8F37400577666000CA1F1778 /* Pods-SwiftUI Realm Demo.debug.xcconfig */,
				04DECFAD4A22817B3D504A3F /* Pods-SwiftUI Realm Demo.release.xcconfig */,
			);
			path = Pods;
			sourceTree = "<group>";
		};
/* End PBXGroup section */

/* Begin PBXNativeTarget section */
		928FFF502B049289003E4A5C /* SwiftUI Realm Demo */ = {
			isa = PBXNativeTarget;
			buildConfigurationList = 928FFF5F2B04928D003E4A5C /* Build configuration list for PBXNativeTarget "SwiftUI Realm Demo" */;
			buildPhases = (
				1EEC01859CF756F7F24844CF /* [CP] Check Pods Manifest.lock */,
				928FFF4D2B049289003E4A5C /* Sources */,
				928FFF4E2B049289003E4A5C /* Frameworks */,
				928FFF4F2B049289003E4A5C /* Resources */,
				3823D18FB9F33046F500D40E /* [CP] Embed Pods Frameworks */,
			);
			buildRules = (
			);
			dependencies = (
			);
			name = "SwiftUI Realm Demo";
			productName = "SwiftUI Realm Demo";
			productReference = 928FFF512B04928A003E4A5C /* SwiftUI Realm Demo.app */;
			productType = "com.apple.product-type.application";
		};
/* End PBXNativeTarget section */

/* Begin PBXProject section */
		928FFF492B049289003E4A5C /* Project object */ = {
			isa = PBXProject;
			attributes = {
				BuildIndependentTargetsInParallel = 1;
				LastSwiftUpdateCheck = 1420;
				LastUpgradeCheck = 1420;
				TargetAttributes = {
					928FFF502B049289003E4A5C = {
						CreatedOnToolsVersion = 14.2;
					};
				};
			};
			buildConfigurationList = 928FFF4C2B049289003E4A5C /* Build configuration list for PBXProject "SwiftUI Realm Demo" */;
			compatibilityVersion = "Xcode 14.0";
			developmentRegion = en;
			hasScannedForEncodings = 0;
			knownRegions = (
				en,
				Base,
			);
			mainGroup = 928FFF482B049289003E4A5C;
			productRefGroup = 928FFF522B04928A003E4A5C /* Products */;
			projectDirPath = "";
			projectRoot = "";
			targets = (
				928FFF502B049289003E4A5C /* SwiftUI Realm Demo */,
			);
		};
/* End PBXProject section */

/* Begin PBXResourcesBuildPhase section */
		928FFF4F2B049289003E4A5C /* Resources */ = {
			isa = PBXResourcesBuildPhase;
			buildActionMask = 2147483647;
			files = (
				928FFF5C2B04928D003E4A5C /* Preview Assets.xcassets in Resources */,
				928FFF592B04928D003E4A5C /* Assets.xcassets in Resources */,
			);
			runOnlyForDeploymentPostprocessing = 0;
		};
/* End PBXResourcesBuildPhase section */

/* Begin PBXShellScriptBuildPhase section */
		1EEC01859CF756F7F24844CF /* [CP] Check Pods Manifest.lock */ = {
			isa = PBXShellScriptBuildPhase;
			buildActionMask = 2147483647;
			files = (
			);
			inputFileListPaths = (
			);
			inputPaths = (
				"${PODS_PODFILE_DIR_PATH}/Podfile.lock",
				"${PODS_ROOT}/Manifest.lock",
			);
			name = "[CP] Check Pods Manifest.lock";
			outputFileListPaths = (
			);
			outputPaths = (
				"$(DERIVED_FILE_DIR)/Pods-SwiftUI Realm Demo-checkManifestLockResult.txt",
			);
			runOnlyForDeploymentPostprocessing = 0;
			shellPath = /bin/sh;
			shellScript = "diff \"${PODS_PODFILE_DIR_PATH}/Podfile.lock\" \"${PODS_ROOT}/Manifest.lock\" > /dev/null\nif [ $? != 0 ] ; then\n    # print error to STDERR\n    echo \"error: The sandbox is not in sync with the Podfile.lock. Run 'pod install' or update your CocoaPods installation.\" >&2\n    exit 1\nfi\n# This output is used by Xcode 'outputs' to avoid re-running this script phase.\necho \"SUCCESS\" > \"${SCRIPT_OUTPUT_FILE_0}\"\n";
			showEnvVarsInLog = 0;
		};
		3823D18FB9F33046F500D40E /* [CP] Embed Pods Frameworks */ = {
			isa = PBXShellScriptBuildPhase;
			buildActionMask = 2147483647;
			files = (
			);
			inputFileListPaths = (
				"${PODS_ROOT}/Target Support Files/Pods-SwiftUI Realm Demo/Pods-SwiftUI Realm Demo-frameworks-${CONFIGURATION}-input-files.xcfilelist",
			);
			name = "[CP] Embed Pods Frameworks";
			outputFileListPaths = (
				"${PODS_ROOT}/Target Support Files/Pods-SwiftUI Realm Demo/Pods-SwiftUI Realm Demo-frameworks-${CONFIGURATION}-output-files.xcfilelist",
			);
			runOnlyForDeploymentPostprocessing = 0;
			shellPath = /bin/sh;
			shellScript = "\"${PODS_ROOT}/Target Support Files/Pods-SwiftUI Realm Demo/Pods-SwiftUI Realm Demo-frameworks.sh\"\n";
			showEnvVarsInLog = 0;
		};
/* End PBXShellScriptBuildPhase section */

/* Begin PBXSourcesBuildPhase section */
		928FFF4D2B049289003E4A5C /* Sources */ = {
			isa = PBXSourcesBuildPhase;
			buildActionMask = 2147483647;
			files = (
				928FFF672B04A188003E4A5C /* DeveloperCell.swift in Sources */,
				928FFF692B04A241003E4A5C /* DeveloperViewModel.swift in Sources */,
				928FFF632B04995D003E4A5C /* Developers.swift in Sources */,
				928FFF652B049DB0003E4A5C /* DBManager.swift in Sources */,
				928FFF6B2B04C3EE003E4A5C /* AddDeveloperView.swift in Sources */,
				928FFF572B04928A003E4A5C /* ContentView.swift in Sources */,
				928FFF552B04928A003E4A5C /* SwiftUI_Realm_DemoApp.swift in Sources */,
			);
			runOnlyForDeploymentPostprocessing = 0;
		};
/* End PBXSourcesBuildPhase section */

/* Begin XCBuildConfiguration section */
		928FFF5D2B04928D003E4A5C /* Debug */ = {
			isa = XCBuildConfiguration;
			buildSettings = {
				ALWAYS_SEARCH_USER_PATHS = NO;
				CLANG_ANALYZER_NONNULL = YES;
				CLANG_ANALYZER_NUMBER_OBJECT_CONVERSION = YES_AGGRESSIVE;
				CLANG_CXX_LANGUAGE_STANDARD = "gnu++20";
				CLANG_ENABLE_MODULES = YES;
				CLANG_ENABLE_OBJC_ARC = YES;
				CLANG_ENABLE_OBJC_WEAK = YES;
				CLANG_WARN_BLOCK_CAPTURE_AUTORELEASING = YES;
				CLANG_WARN_BOOL_CONVERSION = YES;
				CLANG_WARN_COMMA = YES;
				CLANG_WARN_CONSTANT_CONVERSION = YES;
				CLANG_WARN_DEPRECATED_OBJC_IMPLEMENTATIONS = YES;
				CLANG_WARN_DIRECT_OBJC_ISA_USAGE = YES_ERROR;
				CLANG_WARN_DOCUMENTATION_COMMENTS = YES;
				CLANG_WARN_EMPTY_BODY = YES;
				CLANG_WARN_ENUM_CONVERSION = YES;
				CLANG_WARN_INFINITE_RECURSION = YES;
				CLANG_WARN_INT_CONVERSION = YES;
				CLANG_WARN_NON_LITERAL_NULL_CONVERSION = YES;
				CLANG_WARN_OBJC_IMPLICIT_RETAIN_SELF = YES;
				CLANG_WARN_OBJC_LITERAL_CONVERSION = YES;
				CLANG_WARN_OBJC_ROOT_CLASS = YES_ERROR;
				CLANG_WARN_QUOTED_INCLUDE_IN_FRAMEWORK_HEADER = YES;
				CLANG_WARN_RANGE_LOOP_ANALYSIS = YES;
				CLANG_WARN_STRICT_PROTOTYPES = YES;
				CLANG_WARN_SUSPICIOUS_MOVE = YES;
				CLANG_WARN_UNGUARDED_AVAILABILITY = YES_AGGRESSIVE;
				CLANG_WARN_UNREACHABLE_CODE = YES;
				CLANG_WARN__DUPLICATE_METHOD_MATCH = YES;
				COPY_PHASE_STRIP = NO;
				DEBUG_INFORMATION_FORMAT = dwarf;
				ENABLE_STRICT_OBJC_MSGSEND = YES;
				ENABLE_TESTABILITY = YES;
				GCC_C_LANGUAGE_STANDARD = gnu11;
				GCC_DYNAMIC_NO_PIC = NO;
				GCC_NO_COMMON_BLOCKS = YES;
				GCC_OPTIMIZATION_LEVEL = 0;
				GCC_PREPROCESSOR_DEFINITIONS = (
					"DEBUG=1",
					"$(inherited)",
				);
				GCC_WARN_64_TO_32_BIT_CONVERSION = YES;
				GCC_WARN_ABOUT_RETURN_TYPE = YES_ERROR;
				GCC_WARN_UNDECLARED_SELECTOR = YES;
				GCC_WARN_UNINITIALIZED_AUTOS = YES_AGGRESSIVE;
				GCC_WARN_UNUSED_FUNCTION = YES;
				GCC_WARN_UNUSED_VARIABLE = YES;
				IPHONEOS_DEPLOYMENT_TARGET = 16.2;
				MTL_ENABLE_DEBUG_INFO = INCLUDE_SOURCE;
				MTL_FAST_MATH = YES;
				ONLY_ACTIVE_ARCH = YES;
				SDKROOT = iphoneos;
				SWIFT_ACTIVE_COMPILATION_CONDITIONS = DEBUG;
				SWIFT_OPTIMIZATION_LEVEL = "-Onone";
			};
			name = Debug;
		};
		928FFF5E2B04928D003E4A5C /* Release */ = {
			isa = XCBuildConfiguration;
			buildSettings = {
				ALWAYS_SEARCH_USER_PATHS = NO;
				CLANG_ANALYZER_NONNULL = YES;
				CLANG_ANALYZER_NUMBER_OBJECT_CONVERSION = YES_AGGRESSIVE;
				CLANG_CXX_LANGUAGE_STANDARD = "gnu++20";
				CLANG_ENABLE_MODULES = YES;
				CLANG_ENABLE_OBJC_ARC = YES;
				CLANG_ENABLE_OBJC_WEAK = YES;
				CLANG_WARN_BLOCK_CAPTURE_AUTORELEASING = YES;
				CLANG_WARN_BOOL_CONVERSION = YES;
				CLANG_WARN_COMMA = YES;
				CLANG_WARN_CONSTANT_CONVERSION = YES;
				CLANG_WARN_DEPRECATED_OBJC_IMPLEMENTATIONS = YES;
				CLANG_WARN_DIRECT_OBJC_ISA_USAGE = YES_ERROR;
				CLANG_WARN_DOCUMENTATION_COMMENTS = YES;
				CLANG_WARN_EMPTY_BODY = YES;
				CLANG_WARN_ENUM_CONVERSION = YES;
				CLANG_WARN_INFINITE_RECURSION = YES;
				CLANG_WARN_INT_CONVERSION = YES;
				CLANG_WARN_NON_LITERAL_NULL_CONVERSION = YES;
				CLANG_WARN_OBJC_IMPLICIT_RETAIN_SELF = YES;
				CLANG_WARN_OBJC_LITERAL_CONVERSION = YES;
				CLANG_WARN_OBJC_ROOT_CLASS = YES_ERROR;
				CLANG_WARN_QUOTED_INCLUDE_IN_FRAMEWORK_HEADER = YES;
				CLANG_WARN_RANGE_LOOP_ANALYSIS = YES;
				CLANG_WARN_STRICT_PROTOTYPES = YES;
				CLANG_WARN_SUSPICIOUS_MOVE = YES;
				CLANG_WARN_UNGUARDED_AVAILABILITY = YES_AGGRESSIVE;
				CLANG_WARN_UNREACHABLE_CODE = YES;
				CLANG_WARN__DUPLICATE_METHOD_MATCH = YES;
				COPY_PHASE_STRIP = NO;
				DEBUG_INFORMATION_FORMAT = "dwarf-with-dsym";
				ENABLE_NS_ASSERTIONS = NO;
				ENABLE_STRICT_OBJC_MSGSEND = YES;
				GCC_C_LANGUAGE_STANDARD = gnu11;
				GCC_NO_COMMON_BLOCKS = YES;
				GCC_WARN_64_TO_32_BIT_CONVERSION = YES;
				GCC_WARN_ABOUT_RETURN_TYPE = YES_ERROR;
				GCC_WARN_UNDECLARED_SELECTOR = YES;
				GCC_WARN_UNINITIALIZED_AUTOS = YES_AGGRESSIVE;
				GCC_WARN_UNUSED_FUNCTION = YES;
				GCC_WARN_UNUSED_VARIABLE = YES;
				IPHONEOS_DEPLOYMENT_TARGET = 16.2;
				MTL_ENABLE_DEBUG_INFO = NO;
				MTL_FAST_MATH = YES;
				SDKROOT = iphoneos;
				SWIFT_COMPILATION_MODE = wholemodule;
				SWIFT_OPTIMIZATION_LEVEL = "-O";
				VALIDATE_PRODUCT = YES;
			};
			name = Release;
		};
		928FFF602B04928D003E4A5C /* Debug */ = {
			isa = XCBuildConfiguration;
			baseConfigurationReference = 8F37400577666000CA1F1778 /* Pods-SwiftUI Realm Demo.debug.xcconfig */;
			buildSettings = {
				ASSETCATALOG_COMPILER_APPICON_NAME = AppIcon;
				ASSETCATALOG_COMPILER_GLOBAL_ACCENT_COLOR_NAME = AccentColor;
				CODE_SIGN_STYLE = Automatic;
				CURRENT_PROJECT_VERSION = 1;
				DEVELOPMENT_ASSET_PATHS = "\"SwiftUI Realm Demo/Preview Content\"";
				DEVELOPMENT_TEAM = JDQM4MDQ97;
				ENABLE_PREVIEWS = YES;
				GENERATE_INFOPLIST_FILE = YES;
				INFOPLIST_KEY_UIApplicationSceneManifest_Generation = YES;
				INFOPLIST_KEY_UIApplicationSupportsIndirectInputEvents = YES;
				INFOPLIST_KEY_UILaunchScreen_Generation = YES;
				INFOPLIST_KEY_UISupportedInterfaceOrientations_iPad = "UIInterfaceOrientationPortrait UIInterfaceOrientationPortraitUpsideDown UIInterfaceOrientationLandscapeLeft UIInterfaceOrientationLandscapeRight";
				INFOPLIST_KEY_UISupportedInterfaceOrientations_iPhone = "UIInterfaceOrientationPortrait UIInterfaceOrientationLandscapeLeft UIInterfaceOrientationLandscapeRight";
				LD_RUNPATH_SEARCH_PATHS = (
					"$(inherited)",
					"@executable_path/Frameworks",
				);
				MARKETING_VERSION = 1.0;
				PRODUCT_BUNDLE_IDENTIFIER = "Chintan.SwiftUI-Realm-Demo";
				PRODUCT_NAME = "$(TARGET_NAME)";
				SWIFT_EMIT_LOC_STRINGS = YES;
				SWIFT_VERSION = 5.0;
				TARGETED_DEVICE_FAMILY = "1,2";
			};
			name = Debug;
		};
		928FFF612B04928D003E4A5C /* Release */ = {
			isa = XCBuildConfiguration;
			baseConfigurationReference = 04DECFAD4A22817B3D504A3F /* Pods-SwiftUI Realm Demo.release.xcconfig */;
			buildSettings = {
				ASSETCATALOG_COMPILER_APPICON_NAME = AppIcon;
				ASSETCATALOG_COMPILER_GLOBAL_ACCENT_COLOR_NAME = AccentColor;
				CODE_SIGN_STYLE = Automatic;
				CURRENT_PROJECT_VERSION = 1;
				DEVELOPMENT_ASSET_PATHS = "\"SwiftUI Realm Demo/Preview Content\"";
				DEVELOPMENT_TEAM = JDQM4MDQ97;
				ENABLE_PREVIEWS = YES;
				GENERATE_INFOPLIST_FILE = YES;
				INFOPLIST_KEY_UIApplicationSceneManifest_Generation = YES;
				INFOPLIST_KEY_UIApplicationSupportsIndirectInputEvents = YES;
				INFOPLIST_KEY_UILaunchScreen_Generation = YES;
				INFOPLIST_KEY_UISupportedInterfaceOrientations_iPad = "UIInterfaceOrientationPortrait UIInterfaceOrientationPortraitUpsideDown UIInterfaceOrientationLandscapeLeft UIInterfaceOrientationLandscapeRight";
				INFOPLIST_KEY_UISupportedInterfaceOrientations_iPhone = "UIInterfaceOrientationPortrait UIInterfaceOrientationLandscapeLeft UIInterfaceOrientationLandscapeRight";
				LD_RUNPATH_SEARCH_PATHS = (
					"$(inherited)",
					"@executable_path/Frameworks",
				);
				MARKETING_VERSION = 1.0;
				PRODUCT_BUNDLE_IDENTIFIER = "Chintan.SwiftUI-Realm-Demo";
				PRODUCT_NAME = "$(TARGET_NAME)";
				SWIFT_EMIT_LOC_STRINGS = YES;
				SWIFT_VERSION = 5.0;
				TARGETED_DEVICE_FAMILY = "1,2";
			};
			name = Release;
		};
/* End XCBuildConfiguration section */

/* Begin XCConfigurationList section */
		928FFF4C2B049289003E4A5C /* Build configuration list for PBXProject "SwiftUI Realm Demo" */ = {
			isa = XCConfigurationList;
			buildConfigurations = (
				928FFF5D2B04928D003E4A5C /* Debug */,
				928FFF5E2B04928D003E4A5C /* Release */,
			);
			defaultConfigurationIsVisible = 0;
			defaultConfigurationName = Release;
		};
		928FFF5F2B04928D003E4A5C /* Build configuration list for PBXNativeTarget "SwiftUI Realm Demo" */ = {
			isa = XCConfigurationList;
			buildConfigurations = (
				928FFF602B04928D003E4A5C /* Debug */,
				928FFF612B04928D003E4A5C /* Release */,
			);
			defaultConfigurationIsVisible = 0;
			defaultConfigurationName = Release;
		};
/* End XCConfigurationList section */
	};
	rootObject = 928FFF492B049289003E4A5C /* Project object */;
}
